// !$*UTF8*$!
{
	archiveVersion = 1;
	classes = {
	};
	objectVersion = 56;
	objects = {

/* Begin PBXBuildFile section */
		F31A98E02AE1C98200346013 /* AppDelegate.swift in Sources */ = {isa = PBXBuildFile; fileRef = F31A98DF2AE1C98200346013 /* AppDelegate.swift */; };
		F31A98E22AE1C98200346013 /* SceneDelegate.swift in Sources */ = {isa = PBXBuildFile; fileRef = F31A98E12AE1C98200346013 /* SceneDelegate.swift */; };
		F31A98E42AE1C98200346013 /* ViewController.swift in Sources */ = {isa = PBXBuildFile; fileRef = F31A98E32AE1C98200346013 /* ViewController.swift */; };
		F31A98E72AE1C98200346013 /* Main.storyboard in Resources */ = {isa = PBXBuildFile; fileRef = F31A98E52AE1C98200346013 /* Main.storyboard */; };
		F31A98EA2AE1C98200346013 /* VistasCodigo.xcdatamodeld in Sources */ = {isa = PBXBuildFile; fileRef = F31A98E82AE1C98200346013 /* VistasCodigo.xcdatamodeld */; };
		F31A98EC2AE1C98300346013 /* Assets.xcassets in Resources */ = {isa = PBXBuildFile; fileRef = F31A98EB2AE1C98300346013 /* Assets.xcassets */; };
		F31A98EF2AE1C98300346013 /* LaunchScreen.storyboard in Resources */ = {isa = PBXBuildFile; fileRef = F31A98ED2AE1C98300346013 /* LaunchScreen.storyboard */; };
		F31A98F72AE1ECF300346013 /* ConfiguracionVista.swift in Sources */ = {isa = PBXBuildFile; fileRef = F31A98F62AE1ECF300346013 /* ConfiguracionVista.swift */; };
/* End PBXBuildFile section */

/* Begin PBXFileReference section */
		F31A98DC2AE1C98200346013 /* VistasCodigo.app */ = {isa = PBXFileReference; explicitFileType = wrapper.application; includeInIndex = 0; path = VistasCodigo.app; sourceTree = BUILT_PRODUCTS_DIR; };
		F31A98DF2AE1C98200346013 /* AppDelegate.swift */ = {isa = PBXFileReference; lastKnownFileType = sourcecode.swift; path = AppDelegate.swift; sourceTree = "<group>"; };
		F31A98E12AE1C98200346013 /* SceneDelegate.swift */ = {isa = PBXFileReference; lastKnownFileType = sourcecode.swift; path = SceneDelegate.swift; sourceTree = "<group>"; };
		F31A98E32AE1C98200346013 /* ViewController.swift */ = {isa = PBXFileReference; lastKnownFileType = sourcecode.swift; path = ViewController.swift; sourceTree = "<group>"; };
		F31A98E62AE1C98200346013 /* Base */ = {isa = PBXFileReference; lastKnownFileType = file.storyboard; name = Base; path = Base.lproj/Main.storyboard; sourceTree = "<group>"; };
		F31A98E92AE1C98200346013 /* VistasCodigo.xcdatamodel */ = {isa = PBXFileReference; lastKnownFileType = wrapper.xcdatamodel; path = VistasCodigo.xcdatamodel; sourceTree = "<group>"; };
		F31A98EB2AE1C98300346013 /* Assets.xcassets */ = {isa = PBXFileReference; lastKnownFileType = folder.assetcatalog; path = Assets.xcassets; sourceTree = "<group>"; };
		F31A98EE2AE1C98300346013 /* Base */ = {isa = PBXFileReference; lastKnownFileType = file.storyboard; name = Base; path = Base.lproj/LaunchScreen.storyboard; sourceTree = "<group>"; };
		F31A98F02AE1C98300346013 /* Info.plist */ = {isa = PBXFileReference; lastKnownFileType = text.plist.xml; path = Info.plist; sourceTree = "<group>"; };
		F31A98F62AE1ECF300346013 /* ConfiguracionVista.swift */ = {isa = PBXFileReference; lastKnownFileType = sourcecode.swift; path = ConfiguracionVista.swift; sourceTree = "<group>"; };
/* End PBXFileReference section */

/* Begin PBXFrameworksBuildPhase section */
		F31A98D92AE1C98200346013 /* Frameworks */ = {
			isa = PBXFrameworksBuildPhase;
			buildActionMask = 2147483647;
			files = (
			);
			runOnlyForDeploymentPostprocessing = 0;
		};
/* End PBXFrameworksBuildPhase section */

/* Begin PBXGroup section */
		F31A98D32AE1C98200346013 = {
			isa = PBXGroup;
			children = (
				F31A98DE2AE1C98200346013 /* VistasCodigo */,
				F31A98DD2AE1C98200346013 /* Products */,
			);
			sourceTree = "<group>";
		};
		F31A98DD2AE1C98200346013 /* Products */ = {
			isa = PBXGroup;
			children = (
				F31A98DC2AE1C98200346013 /* VistasCodigo.app */,
			);
			name = Products;
			sourceTree = "<group>";
		};
		F31A98DE2AE1C98200346013 /* VistasCodigo */ = {
			isa = PBXGroup;
			children = (
				F31A98DF2AE1C98200346013 /* AppDelegate.swift */,
				F31A98E12AE1C98200346013 /* SceneDelegate.swift */,
				F31A98E32AE1C98200346013 /* ViewController.swift */,
				F31A98F62AE1ECF300346013 /* ConfiguracionVista.swift */,
				F31A98E52AE1C98200346013 /* Main.storyboard */,
				F31A98EB2AE1C98300346013 /* Assets.xcassets */,
				F31A98ED2AE1C98300346013 /* LaunchScreen.storyboard */,
				F31A98F02AE1C98300346013 /* Info.plist */,
				F31A98E82AE1C98200346013 /* VistasCodigo.xcdatamodeld */,
			);
			path = VistasCodigo;
			sourceTree = "<group>";
		};
/* End PBXGroup section */

/* Begin PBXNativeTarget section */
		F31A98DB2AE1C98200346013 /* VistasCodigo */ = {
			isa = PBXNativeTarget;
			buildConfigurationList = F31A98F32AE1C98300346013 /* Build configuration list for PBXNativeTarget "VistasCodigo" */;
			buildPhases = (
				F31A98D82AE1C98200346013 /* Sources */,
				F31A98D92AE1C98200346013 /* Frameworks */,
				F31A98DA2AE1C98200346013 /* Resources */,
			);
			buildRules = (
			);
			dependencies = (
			);
			name = VistasCodigo;
			productName = VistasCodigo;
			productReference = F31A98DC2AE1C98200346013 /* VistasCodigo.app */;
			productType = "com.apple.product-type.application";
		};
/* End PBXNativeTarget section */

/* Begin PBXProject section */
		F31A98D42AE1C98200346013 /* Project object */ = {
			isa = PBXProject;
			attributes = {
				BuildIndependentTargetsInParallel = 1;
				LastSwiftUpdateCheck = 1500;
				LastUpgradeCheck = 1500;
				TargetAttributes = {
					F31A98DB2AE1C98200346013 = {
						CreatedOnToolsVersion = 15.0;
					};
				};
			};
			buildConfigurationList = F31A98D72AE1C98200346013 /* Build configuration list for PBXProject "VistasCodigo" */;
			compatibilityVersion = "Xcode 14.0";
			developmentRegion = en;
			hasScannedForEncodings = 0;
			knownRegions = (
				en,
				Base,
			);
			mainGroup = F31A98D32AE1C98200346013;
			productRefGroup = F31A98DD2AE1C98200346013 /* Products */;
			projectDirPath = "";
			projectRoot = "";
			targets = (
				F31A98DB2AE1C98200346013 /* VistasCodigo */,
			);
		};
/* End PBXProject section */

/* Begin PBXResourcesBuildPhase section */
		F31A98DA2AE1C98200346013 /* Resources */ = {
			isa = PBXResourcesBuildPhase;
			buildActionMask = 2147483647;
			files = (
				F31A98EF2AE1C98300346013 /* LaunchScreen.storyboard in Resources */,
				F31A98EC2AE1C98300346013 /* Assets.xcassets in Resources */,
				F31A98E72AE1C98200346013 /* Main.storyboard in Resources */,
			);
			runOnlyForDeploymentPostprocessing = 0;
		};
/* End PBXResourcesBuildPhase section */

/* Begin PBXSourcesBuildPhase section */
		F31A98D82AE1C98200346013 /* Sources */ = {
			isa = PBXSourcesBuildPhase;
			buildActionMask = 2147483647;
			files = (
				F31A98EA2AE1C98200346013 /* VistasCodigo.xcdatamodeld in Sources */,
				F31A98E42AE1C98200346013 /* ViewController.swift in Sources */,
				F31A98F72AE1ECF300346013 /* ConfiguracionVista.swift in Sources */,
				F31A98E02AE1C98200346013 /* AppDelegate.swift in Sources */,
				F31A98E22AE1C98200346013 /* SceneDelegate.swift in Sources */,
			);
			runOnlyForDeploymentPostprocessing = 0;
		};
/* End PBXSourcesBuildPhase section */

/* Begin PBXVariantGroup section */
		F31A98E52AE1C98200346013 /* Main.storyboard */ = {
			isa = PBXVariantGroup;
			children = (
				F31A98E62AE1C98200346013 /* Base */,
			);
			name = Main.storyboard;
			sourceTree = "<group>";
		};
		F31A98ED2AE1C98300346013 /* LaunchScreen.storyboard */ = {
			isa = PBXVariantGroup;
			children = (
				F31A98EE2AE1C98300346013 /* Base */,
			);
			name = LaunchScreen.storyboard;
			sourceTree = "<group>";
		};
/* End PBXVariantGroup section */

/* Begin XCBuildConfiguration section */
		F31A98F12AE1C98300346013 /* Debug */ = {
			isa = XCBuildConfiguration;
			buildSettings = {
				ALWAYS_SEARCH_USER_PATHS = NO;
				ASSETCATALOG_COMPILER_GENERATE_SWIFT_ASSET_SYMBOL_EXTENSIONS = YES;
				CLANG_ANALYZER_NONNULL = YES;
				CLANG_ANALYZER_NUMBER_OBJECT_CONVERSION = YES_AGGRESSIVE;
				CLANG_CXX_LANGUAGE_STANDARD = "gnu++20";
				CLANG_ENABLE_MODULES = YES;
				CLANG_ENABLE_OBJC_ARC = YES;
				CLANG_ENABLE_OBJC_WEAK = YES;
				CLANG_WARN_BLOCK_CAPTURE_AUTORELEASING = YES;
				CLANG_WARN_BOOL_CONVERSION = YES;
				CLANG_WARN_COMMA = YES;
				CLANG_WARN_CONSTANT_CONVERSION = YES;
				CLANG_WARN_DEPRECATED_OBJC_IMPLEMENTATIONS = YES;
				CLANG_WARN_DIRECT_OBJC_ISA_USAGE = YES_ERROR;
				CLANG_WARN_DOCUMENTATION_COMMENTS = YES;
				CLANG_WARN_EMPTY_BODY = YES;
				CLANG_WARN_ENUM_CONVERSION = YES;
				CLANG_WARN_INFINITE_RECURSION = YES;
				CLANG_WARN_INT_CONVERSION = YES;
				CLANG_WARN_NON_LITERAL_NULL_CONVERSION = YES;
				CLANG_WARN_OBJC_IMPLICIT_RETAIN_SELF = YES;
				CLANG_WARN_OBJC_LITERAL_CONVERSION = YES;
				CLANG_WARN_OBJC_ROOT_CLASS = YES_ERROR;
				CLANG_WARN_QUOTED_INCLUDE_IN_FRAMEWORK_HEADER = YES;
				CLANG_WARN_RANGE_LOOP_ANALYSIS = YES;
				CLANG_WARN_STRICT_PROTOTYPES = YES;
				CLANG_WARN_SUSPICIOUS_MOVE = YES;
				CLANG_WARN_UNGUARDED_AVAILABILITY = YES_AGGRESSIVE;
				CLANG_WARN_UNREACHABLE_CODE = YES;
				CLANG_WARN__DUPLICATE_METHOD_MATCH = YES;
				COPY_PHASE_STRIP = NO;
				DEBUG_INFORMATION_FORMAT = dwarf;
				ENABLE_STRICT_OBJC_MSGSEND = YES;
				ENABLE_TESTABILITY = YES;
				ENABLE_USER_SCRIPT_SANDBOXING = YES;
				GCC_C_LANGUAGE_STANDARD = gnu17;
				GCC_DYNAMIC_NO_PIC = NO;
				GCC_NO_COMMON_BLOCKS = YES;
				GCC_OPTIMIZATION_LEVEL = 0;
				GCC_PREPROCESSOR_DEFINITIONS = (
					"DEBUG=1",
					"$(inherited)",
				);
				GCC_WARN_64_TO_32_BIT_CONVERSION = YES;
				GCC_WARN_ABOUT_RETURN_TYPE = YES_ERROR;
				GCC_WARN_UNDECLARED_SELECTOR = YES;
				GCC_WARN_UNINITIALIZED_AUTOS = YES_AGGRESSIVE;
				GCC_WARN_UNUSED_FUNCTION = YES;
				GCC_WARN_UNUSED_VARIABLE = YES;
				IPHONEOS_DEPLOYMENT_TARGET = 17.0;
				LOCALIZATION_PREFERS_STRING_CATALOGS = YES;
				MTL_ENABLE_DEBUG_INFO = INCLUDE_SOURCE;
				MTL_FAST_MATH = YES;
				ONLY_ACTIVE_ARCH = YES;
				SDKROOT = iphoneos;
				SWIFT_ACTIVE_COMPILATION_CONDITIONS = "DEBUG $(inherited)";
				SWIFT_OPTIMIZATION_LEVEL = "-Onone";
			};
			name = Debug;
		};
		F31A98F22AE1C98300346013 /* Release */ = {
			isa = XCBuildConfiguration;
			buildSettings = {
				ALWAYS_SEARCH_USER_PATHS = NO;
				ASSETCATALOG_COMPILER_GENERATE_SWIFT_ASSET_SYMBOL_EXTENSIONS = YES;
				CLANG_ANALYZER_NONNULL = YES;
				CLANG_ANALYZER_NUMBER_OBJECT_CONVERSION = YES_AGGRESSIVE;
				CLANG_CXX_LANGUAGE_STANDARD = "gnu++20";
				CLANG_ENABLE_MODULES = YES;
				CLANG_ENABLE_OBJC_ARC = YES;
				CLANG_ENABLE_OBJC_WEAK = YES;
				CLANG_WARN_BLOCK_CAPTURE_AUTORELEASING = YES;
				CLANG_WARN_BOOL_CONVERSION = YES;
				CLANG_WARN_COMMA = YES;
				CLANG_WARN_CONSTANT_CONVERSION = YES;
				CLANG_WARN_DEPRECATED_OBJC_IMPLEMENTATIONS = YES;
				CLANG_WARN_DIRECT_OBJC_ISA_USAGE = YES_ERROR;
				CLANG_WARN_DOCUMENTATION_COMMENTS = YES;
				CLANG_WARN_EMPTY_BODY = YES;
				CLANG_WARN_ENUM_CONVERSION = YES;
				CLANG_WARN_INFINITE_RECURSION = YES;
				CLANG_WARN_INT_CONVERSION = YES;
				CLANG_WARN_NON_LITERAL_NULL_CONVERSION = YES;
				CLANG_WARN_OBJC_IMPLICIT_RETAIN_SELF = YES;
				CLANG_WARN_OBJC_LITERAL_CONVERSION = YES;
				CLANG_WARN_OBJC_ROOT_CLASS = YES_ERROR;
				CLANG_WARN_QUOTED_INCLUDE_IN_FRAMEWORK_HEADER = YES;
				CLANG_WARN_RANGE_LOOP_ANALYSIS = YES;
				CLANG_WARN_STRICT_PROTOTYPES = YES;
				CLANG_WARN_SUSPICIOUS_MOVE = YES;
				CLANG_WARN_UNGUARDED_AVAILABILITY = YES_AGGRESSIVE;
				CLANG_WARN_UNREACHABLE_CODE = YES;
				CLANG_WARN__DUPLICATE_METHOD_MATCH = YES;
				COPY_PHASE_STRIP = NO;
				DEBUG_INFORMATION_FORMAT = "dwarf-with-dsym";
				ENABLE_NS_ASSERTIONS = NO;
				ENABLE_STRICT_OBJC_MSGSEND = YES;
				ENABLE_USER_SCRIPT_SANDBOXING = YES;
				GCC_C_LANGUAGE_STANDARD = gnu17;
				GCC_NO_COMMON_BLOCKS = YES;
				GCC_WARN_64_TO_32_BIT_CONVERSION = YES;
				GCC_WARN_ABOUT_RETURN_TYPE = YES_ERROR;
				GCC_WARN_UNDECLARED_SELECTOR = YES;
				GCC_WARN_UNINITIALIZED_AUTOS = YES_AGGRESSIVE;
				GCC_WARN_UNUSED_FUNCTION = YES;
				GCC_WARN_UNUSED_VARIABLE = YES;
				IPHONEOS_DEPLOYMENT_TARGET = 17.0;
				LOCALIZATION_PREFERS_STRING_CATALOGS = YES;
				MTL_ENABLE_DEBUG_INFO = NO;
				MTL_FAST_MATH = YES;
				SDKROOT = iphoneos;
				SWIFT_COMPILATION_MODE = wholemodule;
				VALIDATE_PRODUCT = YES;
			};
			name = Release;
		};
		F31A98F42AE1C98300346013 /* Debug */ = {
			isa = XCBuildConfiguration;
			buildSettings = {
				ASSETCATALOG_COMPILER_APPICON_NAME = AppIcon;
				ASSETCATALOG_COMPILER_GLOBAL_ACCENT_COLOR_NAME = AccentColor;
				CODE_SIGN_STYLE = Automatic;
				CURRENT_PROJECT_VERSION = 1;
				DEVELOPMENT_TEAM = S7JA3N9NV4;
				GENERATE_INFOPLIST_FILE = YES;
				INFOPLIST_FILE = VistasCodigo/Info.plist;
				INFOPLIST_KEY_UIApplicationSupportsIndirectInputEvents = YES;
				INFOPLIST_KEY_UILaunchStoryboardName = LaunchScreen;
				INFOPLIST_KEY_UIMainStoryboardFile = Main;
				INFOPLIST_KEY_UISupportedInterfaceOrientations_iPad = "UIInterfaceOrientationPortrait UIInterfaceOrientationPortraitUpsideDown UIInterfaceOrientationLandscapeLeft UIInterfaceOrientationLandscapeRight";
				INFOPLIST_KEY_UISupportedInterfaceOrientations_iPhone = "UIInterfaceOrientationPortrait UIInterfaceOrientationLandscapeLeft UIInterfaceOrientationLandscapeRight";
				LD_RUNPATH_SEARCH_PATHS = (
					"$(inherited)",
					"@executable_path/Frameworks",
				);
				MARKETING_VERSION = 1.0;
				PRODUCT_BUNDLE_IDENTIFIER = HeberJimenez.VistasCodigo;
				PRODUCT_NAME = "$(TARGET_NAME)";
				SWIFT_EMIT_LOC_STRINGS = YES;
				SWIFT_VERSION = 5.0;
				TARGETED_DEVICE_FAMILY = "1,2";
			};
			name = Debug;
		};
		F31A98F52AE1C98300346013 /* Release */ = {
			isa = XCBuildConfiguration;
			buildSettings = {
				ASSETCATALOG_COMPILER_APPICON_NAME = AppIcon;
				ASSETCATALOG_COMPILER_GLOBAL_ACCENT_COLOR_NAME = AccentColor;
				CODE_SIGN_STYLE = Automatic;
				CURRENT_PROJECT_VERSION = 1;
				DEVELOPMENT_TEAM = S7JA3N9NV4;
				GENERATE_INFOPLIST_FILE = YES;
				INFOPLIST_FILE = VistasCodigo/Info.plist;
				INFOPLIST_KEY_UIApplicationSupportsIndirectInputEvents = YES;
				INFOPLIST_KEY_UILaunchStoryboardName = LaunchScreen;
				INFOPLIST_KEY_UIMainStoryboardFile = Main;
				INFOPLIST_KEY_UISupportedInterfaceOrientations_iPad = "UIInterfaceOrientationPortrait UIInterfaceOrientationPortraitUpsideDown UIInterfaceOrientationLandscapeLeft UIInterfaceOrientationLandscapeRight";
				INFOPLIST_KEY_UISupportedInterfaceOrientations_iPhone = "UIInterfaceOrientationPortrait UIInterfaceOrientationLandscapeLeft UIInterfaceOrientationLandscapeRight";
				LD_RUNPATH_SEARCH_PATHS = (
					"$(inherited)",
					"@executable_path/Frameworks",
				);
				MARKETING_VERSION = 1.0;
				PRODUCT_BUNDLE_IDENTIFIER = HeberJimenez.VistasCodigo;
				PRODUCT_NAME = "$(TARGET_NAME)";
				SWIFT_EMIT_LOC_STRINGS = YES;
				SWIFT_VERSION = 5.0;
				TARGETED_DEVICE_FAMILY = "1,2";
			};
			name = Release;
		};
/* End XCBuildConfiguration section */

/* Begin XCConfigurationList section */
		F31A98D72AE1C98200346013 /* Build configuration list for PBXProject "VistasCodigo" */ = {
			isa = XCConfigurationList;
			buildConfigurations = (
				F31A98F12AE1C98300346013 /* Debug */,
				F31A98F22AE1C98300346013 /* Release */,
			);
			defaultConfigurationIsVisible = 0;
			defaultConfigurationName = Release;
		};
		F31A98F32AE1C98300346013 /* Build configuration list for PBXNativeTarget "VistasCodigo" */ = {
			isa = XCConfigurationList;
			buildConfigurations = (
				F31A98F42AE1C98300346013 /* Debug */,
				F31A98F52AE1C98300346013 /* Release */,
			);
			defaultConfigurationIsVisible = 0;
			defaultConfigurationName = Release;
		};
/* End XCConfigurationList section */

/* Begin XCVersionGroup section */
		F31A98E82AE1C98200346013 /* VistasCodigo.xcdatamodeld */ = {
			isa = XCVersionGroup;
			children = (
				F31A98E92AE1C98200346013 /* VistasCodigo.xcdatamodel */,
			);
			currentVersion = F31A98E92AE1C98200346013 /* VistasCodigo.xcdatamodel */;
			path = VistasCodigo.xcdatamodeld;
			sourceTree = "<group>";
			versionGroupType = wrapper.xcdatamodel;
		};
/* End XCVersionGroup section */
	};
	rootObject = F31A98D42AE1C98200346013 /* Project object */;
}
